github.com/bmizerany/pat v0.0.0-20170815010413-6226ea591a40 h1:y4B3+GPxKlrigF1ha5FFErxK+sr6sWxQovRMzwMhejo=
github.com/bmizerany/pat v0.0.0-20170815010413-6226ea591a40/go.mod h1:8rLXio+WjiTceGBHIoTvn60HIbs7Hm7bcHjyrSqYB9c=
github.com/go-sql-driver/mysql v1.4.1 h1:g24URVg0OFbNUTx9qqY1IRZ9D9z3iPyi5zKhQZpNwpA=
github.com/go-sql-driver/mysql v1.4.1/go.mod h1:zAC/RDZ24gD3HViQzih4MyKcchzm+sOG5ZlKdlhCg5w=
github.com/golangcollege/sessions v1.1.0 h1:wkTBuIJ5NqqHAj2bPpCUxK28oLZEu537NlofNCBGl1A=
github.com/golangcollege/sessions v1.1.0/go.mod h1:GUMCGpbWAORG3ZJJe8oIE5RwS90sNVY4yXztM9xoviY=
github.com/justinas/alice v0.0.0-20171023064455-03f45bd4b7da h1:5y58+OCjoHCYB8182mpf/dEsq0vwTKPOo4zGfH0xW9A=
github.com/justinas/alice v0.0.0-20171023064455-03f45bd4b7da/go.mod h1:oLH0CmIaxCGXD67VKGR5AacGXZSMznlmeqM8RzPrcY8=
golang.org/x/crypto v0.0.0-20181009213950-7c1a557ab941 h1:qBTHLajHecfu+xzRI9PqVDcqx7SdHj9d4B+EzSn3tAc=
golang.org/x/crypto v0.0.0-20181009213950-7c1a557ab941/go.mod h1:6SG95UA2DQfeDnfUPMdvaQW0Q7yPrPDi9nlGo2tz2b4=
